{
  "originHash" : "9027eb555fc9e607dac76f299079231fad56e17982a5fcfceceda158d0603200",
  "pins" : [
    {
      "identity" : "aws-crt-swift",
      "kind" : "remoteSourceControl",
      "location" : "https://github.com/awslabs/aws-crt-swift",
      "state" : {
        "revision" : "b6380f683b31072d77b601c88674461c11bcad5a",
        "version" : "0.30.0"
      }
    },
    {
      "identity" : "aws-sdk-swift",
      "kind" : "remoteSourceControl",
      "location" : "https://github.com/awslabs/aws-sdk-swift.git",
      "state" : {
        "revision" : "22ac271a961d9c8cec2308bf853f773c04146260",
        "version" : "0.44.0"
      }
    },
    {
      "identity" : "micro-deterministic-ecdsa",
      "kind" : "remoteSourceControl",
      "location" : "https://github.com/walteh/micro-deterministic-ecdsa.git",
      "state" : {
        "revision" : "53a1d3a9588cb008de7472f64fd8b7b244645286",
        "version" : "0.8.0"
      }
    },
    {
      "identity" : "smithy-swift",
      "kind" : "remoteSourceControl",
      "location" : "https://github.com/smithy-lang/smithy-swift",
      "state" : {
        "revision" : "c9caeb7c2df39ac0d4d4c6182c40426b7ec4485a",
        "version" : "0.49.0"
      }
    },
    {
      "identity" : "swift-atomics",
      "kind" : "remoteSourceControl",
      "location" : "https://github.com/apple/swift-atomics.git",
      "state" : {
        "revision" : "cd142fd2f64be2100422d658e7411e39489da985",
        "version" : "1.2.0"
      }
    },
    {
      "identity" : "swift-log",
      "kind" : "remoteSourceControl",
      "location" : "https://github.com/apple/swift-log.git",
      "state" : {
        "revision" : "e97a6fcb1ab07462881ac165fdbb37f067e205d5",
        "version" : "1.5.4"
      }
    },
    {
      "identity" : "swift-service-context",
      "kind" : "remoteSourceControl",
      "location" : "https://github.com/apple/swift-service-context.git",
      "state" : {
        "revision" : "ce0141c8f123132dbd02fd45fea448018762df1b",
        "version" : "1.0.0"
      }
    },
    {
      "identity" : "swift-xid",
      "kind" : "remoteSourceControl",
      "location" : "https://github.com/uatuko/swift-xid.git",
      "state" : {
        "revision" : "9172b9e07dbc6b94ce91c9455c090efdfdd556c9",
        "version" : "0.2.1"
      }
    }
  ],
  "version" : 3
}
