{
  "originHash" : "b3fc721fd793e5cfe95abb69df1383a268a5def399f1ef7535e25083f8519d42",
  "pins" : [
    {
      "identity" : "aws-crt-swift",
      "kind" : "remoteSourceControl",
      "location" : "https://github.com/awslabs/aws-crt-swift",
      "state" : {
        "revision" : "1367dc53ece02f1ff938eaad23a8820c8c5d8724",
        "version" : "0.22.0"
      }
    },
    {
      "identity" : "aws-sdk-swift",
      "kind" : "remoteSourceControl",
      "location" : "https://github.com/awslabs/aws-sdk-swift.git",
      "state" : {
        "revision" : "36821c2655f8cfb7b872716ff3a7442b1044ed7f",
        "version" : "0.34.0"
      }
    },
    {
      "identity" : "micro-deterministic-ecdsa",
      "kind" : "remoteSourceControl",
      "location" : "https://github.com/walteh/micro-deterministic-ecdsa.git",
      "state" : {
        "revision" : "53a1d3a9588cb008de7472f64fd8b7b244645286",
        "version" : "0.8.0"
      }
    },
    {
      "identity" : "smithy-swift",
      "kind" : "remoteSourceControl",
      "location" : "https://github.com/smithy-lang/smithy-swift",
      "state" : {
        "revision" : "a89f3134a9e26814c7890e25bb26257d436c2978",
        "version" : "0.39.0"
      }
    },
    {
      "identity" : "swift-atomics",
      "kind" : "remoteSourceControl",
      "location" : "https://github.com/apple/swift-atomics.git",
      "state" : {
        "revision" : "cd142fd2f64be2100422d658e7411e39489da985",
        "version" : "1.2.0"
      }
    },
    {
      "identity" : "swift-collections",
      "kind" : "remoteSourceControl",
      "location" : "https://github.com/apple/swift-collections",
      "state" : {
        "revision" : "94cf62b3ba8d4bed62680a282d4c25f9c63c2efb",
        "version" : "1.1.0"
      }
    },
    {
      "identity" : "swift-log",
      "kind" : "remoteSourceControl",
      "location" : "https://github.com/apple/swift-log.git",
      "state" : {
        "revision" : "e97a6fcb1ab07462881ac165fdbb37f067e205d5",
        "version" : "1.5.4"
      }
    },
    {
      "identity" : "swift-service-context",
      "kind" : "remoteSourceControl",
      "location" : "https://github.com/apple/swift-service-context.git",
      "state" : {
        "revision" : "ce0141c8f123132dbd02fd45fea448018762df1b",
        "version" : "1.0.0"
      }
    },
    {
      "identity" : "swift-xid",
      "kind" : "remoteSourceControl",
      "location" : "https://github.com/uatuko/swift-xid.git",
      "state" : {
        "revision" : "9172b9e07dbc6b94ce91c9455c090efdfdd556c9",
        "version" : "0.2.1"
      }
    },
    {
      "identity" : "xdk",
      "kind" : "remoteSourceControl",
      "location" : "https://github.com/walteh/xdk",
      "state" : {
        "revision" : "8500f9d0030f75dcd161feb454a5297c0dd9ea76",
        "version" : "0.38.0"
      }
    },
    {
      "identity" : "xmlcoder",
      "kind" : "remoteSourceControl",
      "location" : "https://github.com/MaxDesiatov/XMLCoder.git",
      "state" : {
        "revision" : "80b4a1646399b8e4e0ce80711653476a85bd5e37",
        "version" : "0.17.0"
      }
    }
  ],
  "version" : 3
}
